
Microsoft Visual Studio Solution File, Format Version 12.00
# Visual Studio Version 16
VisualStudioVersion = 16.0.29806.167
MinimumVisualStudioVersion = 10.0.40219.1
Project("{FAE04EC0-301F-11D3-BF4B-00C04F79EFBC}") = "Laborator4NetCore", "Laborator4NetCore\Laborator4NetCore.csproj", "{D1D27DA8-D38F-4730-B04E-BE6B5F3036E4}"
EndProject
Project("{FAE04EC0-301F-11D3-BF4B-00C04F79EFBC}") = "Laborator4ConsoleApp", "Laborator4ConsoleApp\Laborator4ConsoleApp.csproj", "{E5AA4317-57B9-4DBA-B5D6-7424E676325C}"
EndProject
Global
	GlobalSection(SolutionConfigurationPlatforms) = preSolution
		Debug|Any CPU = Debug|Any CPU
		Release|Any CPU = Release|Any CPU
	EndGlobalSection
	GlobalSection(ProjectConfigurationPlatforms) = postSolution
		{D1D27DA8-D38F-4730-B04E-BE6B5F3036E4}.Debug|Any CPU.ActiveCfg = Debug|Any CPU
		{D1D27DA8-D38F-4730-B04E-BE6B5F3036E4}.Debug|Any CPU.Build.0 = Debug|Any CPU
		{D1D27DA8-D38F-4730-B04E-BE6B5F3036E4}.Release|Any CPU.ActiveCfg = Release|Any CPU
		{D1D27DA8-D38F-4730-B04E-BE6B5F3036E4}.Release|Any CPU.Build.0 = Release|Any CPU
		{E5AA4317-57B9-4DBA-B5D6-7424E676325C}.Debug|Any CPU.ActiveCfg = Debug|Any CPU
		{E5AA4317-57B9-4DBA-B5D6-7424E676325C}.Debug|Any CPU.Build.0 = Debug|Any CPU
		{E5AA4317-57B9-4DBA-B5D6-7424E676325C}.Release|Any CPU.ActiveCfg = Release|Any CPU
		{E5AA4317-57B9-4DBA-B5D6-7424E676325C}.Release|Any CPU.Build.0 = Release|Any CPU
	EndGlobalSection
	GlobalSection(SolutionProperties) = preSolution
		HideSolutionNode = FALSE
	EndGlobalSection
	GlobalSection(ExtensibilityGlobals) = postSolution
		SolutionGuid = {1C95D857-8BF9-40E1-B0C2-B60AB7FB6CE1}
	EndGlobalSection
EndGlobal
