
Microsoft Visual Studio Solution File, Format Version 12.00
# Visual Studio Version 16
VisualStudioVersion = 16.0.29806.167
MinimumVisualStudioVersion = 10.0.40219.1
Project("{FAE04EC0-301F-11D3-BF4B-00C04F79EFBC}") = "Asp_Grigoras_Alexandru_Ionel_Rp", "Asp_Grigoras_Alexandru_Ionel_Rp\Asp_Grigoras_Alexandru_Ionel_Rp.csproj", "{A9ACB71B-69AA-45A5-BD12-442407A3AC3C}"
EndProject
Global
	GlobalSection(SolutionConfigurationPlatforms) = preSolution
		Debug|Any CPU = Debug|Any CPU
		Release|Any CPU = Release|Any CPU
	EndGlobalSection
	GlobalSection(ProjectConfigurationPlatforms) = postSolution
		{A9ACB71B-69AA-45A5-BD12-442407A3AC3C}.Debug|Any CPU.ActiveCfg = Debug|Any CPU
		{A9ACB71B-69AA-45A5-BD12-442407A3AC3C}.Debug|Any CPU.Build.0 = Debug|Any CPU
		{A9ACB71B-69AA-45A5-BD12-442407A3AC3C}.Release|Any CPU.ActiveCfg = Release|Any CPU
		{A9ACB71B-69AA-45A5-BD12-442407A3AC3C}.Release|Any CPU.Build.0 = Release|Any CPU
	EndGlobalSection
	GlobalSection(SolutionProperties) = preSolution
		HideSolutionNode = FALSE
	EndGlobalSection
	GlobalSection(ExtensibilityGlobals) = postSolution
		SolutionGuid = {4F0D32C0-F184-4F57-9289-861C5D9EA34F}
	EndGlobalSection
EndGlobal
